
Microsoft Visual Studio Solution File, Format Version 12.00
# Visual Studio 2013
VisualStudioVersion = 12.0.30723.0
MinimumVisualStudioVersion = 10.0.40219.1
Project("{8BC9CEB8-8B4A-11D0-8D11-00A0C91BC942}") = "WinLauncher2", "WinLauncher2\WinLauncher2.vcxproj", "{64980924-B76E-4E00-90A4-647E67CEB050}"
EndProject
Project("{8BC9CEB8-8B4A-11D0-8D11-00A0C91BC942}") = "FindJava2", "FindJava2\FindJava2.vcxproj", "{E696008D-A1B8-4434-B6B4-24ED251B1676}"
EndProject
Global
	GlobalSection(SolutionConfigurationPlatforms) = preSolution
		Debug|Win32 = Debug|Win32
		Release|Win32 = Release|Win32
	EndGlobalSection
	GlobalSection(ProjectConfigurationPlatforms) = postSolution
		{64980924-B76E-4E00-90A4-647E67CEB050}.Debug|Win32.ActiveCfg = Debug|Win32
		{64980924-B76E-4E00-90A4-647E67CEB050}.Debug|Win32.Build.0 = Debug|Win32
		{64980924-B76E-4E00-90A4-647E67CEB050}.Release|Win32.ActiveCfg = Release|Win32
		{64980924-B76E-4E00-90A4-647E67CEB050}.Release|Win32.Build.0 = Release|Win32
		{E696008D-A1B8-4434-B6B4-24ED251B1676}.Debug|Win32.ActiveCfg = Debug|Win32
		{E696008D-A1B8-4434-B6B4-24ED251B1676}.Debug|Win32.Build.0 = Debug|Win32
		{E696008D-A1B8-4434-B6B4-24ED251B1676}.Release|Win32.ActiveCfg = Release|Win32
		{E696008D-A1B8-4434-B6B4-24ED251B1676}.Release|Win32.Build.0 = Release|Win32
	EndGlobalSection
	GlobalSection(SolutionProperties) = preSolution
		HideSolutionNode = FALSE
	EndGlobalSection
EndGlobal
